// !$*UTF8*$!
{
	archiveVersion = 1;
	classes = {
	};
	objectVersion = 77;
	objects = {

/* Begin PBXBuildFile section */
		5AFE17C0000000000000A003 /* SafetyWalkCore in Frameworks */ = {isa = PBXBuildFile; productRef = 5AFE17C0000000000000A002 /* SafetyWalkCore */; };
		5AFE4000000000000000A008 /* SafetyWalkCore in Frameworks */ = {isa = PBXBuildFile; productRef = 5AFE4000000000000000A007 /* SafetyWalkCore */; };
		5AFE4000000000000000A010 /* Localizable.strings in Resources */ = {isa = PBXBuildFile; fileRef = 5AFE4000000000000000A00D /* Localizable.strings */; };
		5AFE4000000000000000C001 /* LocalizationKey.swift in Sources */ = {isa = PBXBuildFile; fileRef = 5AFE4000000000000000B001 /* LocalizationKey.swift */; };
		5AFE4000000000000000C002 /* LocalizationManager.swift in Sources */ = {isa = PBXBuildFile; fileRef = 5AFE4000000000000000B002 /* LocalizationManager.swift */; };
		5AFE4000000000000000C003 /* RegionProfileStore.swift in Sources */ = {isa = PBXBuildFile; fileRef = 5AFE4000000000000000B003 /* RegionProfileStore.swift */; };
		5AFE4000000000000000C004 /* Color+Risk.swift in Sources */ = {isa = PBXBuildFile; fileRef = 5AFE4000000000000000B004 /* Color+Risk.swift */; };
		5AFE4000000000000000C005 /* RiskLevel+Display.swift in Sources */ = {isa = PBXBuildFile; fileRef = 5AFE4000000000000000B005 /* RiskLevel+Display.swift */; };
		5AFE4000000000000000C006 /* RiskIndicator.swift in Sources */ = {isa = PBXBuildFile; fileRef = 5AFE4000000000000000B006 /* RiskIndicator.swift */; };
		5AFE4000000000000000C007 /* ReportEngine.swift in Sources */ = {isa = PBXBuildFile; fileRef = 5AFE4000000000000000B007 /* ReportEngine.swift */; };
		5AFE4000000000000000C008 /* ReportComponents.swift in Sources */ = {isa = PBXBuildFile; fileRef = 5AFE4000000000000000B008 /* ReportComponents.swift */; };
		5AFE4000000000000000C009 /* RiskAssessmentReport.swift in Sources */ = {isa = PBXBuildFile; fileRef = 5AFE4000000000000000B009 /* RiskAssessmentReport.swift */; };
		5AFE4000000000000000C010 /* JHAReport.swift in Sources */ = {isa = PBXBuildFile; fileRef = 5AFE4000000000000000B010 /* JHAReport.swift */; };
		5AFE4000000000000000C011 /* InspectionReport.swift in Sources */ = {isa = PBXBuildFile; fileRef = 5AFE4000000000000000B011 /* InspectionReport.swift */; };
/* End PBXBuildFile section */

/* Begin PBXContainerItemProxy section */
		9A05FC732FB742D4000C5D1A /* PBXContainerItemProxy */ = {
			isa = PBXContainerItemProxy;
			containerPortal = 9A05FC5D2FB742D2000C5D1A /* Project object */;
			proxyType = 1;
			remoteGlobalIDString = 9A05FC642FB742D2000C5D1A;
			remoteInfo = "현장 안전 지킴이";
		};
		9A05FC7D2FB742D4000C5D1A /* PBXContainerItemProxy */ = {
			isa = PBXContainerItemProxy;
			containerPortal = 9A05FC5D2FB742D2000C5D1A /* Project object */;
			proxyType = 1;
			remoteGlobalIDString = 9A05FC642FB742D2000C5D1A;
			remoteInfo = "현장 안전 지킴이";
		};
/* End PBXContainerItemProxy section */

/* Begin PBXFileReference section */
		5AFE4000000000000000A002 /* SafetyWalkMac.app */ = {isa = PBXFileReference; explicitFileType = wrapper.application; includeInIndex = 0; path = SafetyWalkMac.app; sourceTree = BUILT_PRODUCTS_DIR; };
		5AFE4000000000000000A00E /* en */ = {isa = PBXFileReference; lastKnownFileType = text.plist.strings; name = en; path = "현장 안전 지킴이/Resources/Localization/en.lproj/Localizable.strings"; sourceTree = SOURCE_ROOT; };
		5AFE4000000000000000A00F /* ko */ = {isa = PBXFileReference; lastKnownFileType = text.plist.strings; name = ko; path = "현장 안전 지킴이/Resources/Localization/ko.lproj/Localizable.strings"; sourceTree = SOURCE_ROOT; };
		5AFE4000000000000000B001 /* LocalizationKey.swift */ = {isa = PBXFileReference; lastKnownFileType = sourcecode.swift; name = LocalizationKey.swift; path = "현장 안전 지킴이/Utilities/LocalizationKey.swift"; sourceTree = SOURCE_ROOT; };
		5AFE4000000000000000B002 /* LocalizationManager.swift */ = {isa = PBXFileReference; lastKnownFileType = sourcecode.swift; name = LocalizationManager.swift; path = "현장 안전 지킴이/Utilities/LocalizationManager.swift"; sourceTree = SOURCE_ROOT; };
		5AFE4000000000000000B003 /* RegionProfileStore.swift */ = {isa = PBXFileReference; lastKnownFileType = sourcecode.swift; name = RegionProfileStore.swift; path = "현장 안전 지킴이/Utilities/RegionProfileStore.swift"; sourceTree = SOURCE_ROOT; };
		5AFE4000000000000000B004 /* Color+Risk.swift */ = {isa = PBXFileReference; lastKnownFileType = sourcecode.swift; name = "Color+Risk.swift"; path = "현장 안전 지킴이/Utilities/Color+Risk.swift"; sourceTree = SOURCE_ROOT; };
		5AFE4000000000000000B005 /* RiskLevel+Display.swift */ = {isa = PBXFileReference; lastKnownFileType = sourcecode.swift; name = "RiskLevel+Display.swift"; path = "현장 안전 지킴이/Views/RiskAssessment/RiskLevel+Display.swift"; sourceTree = SOURCE_ROOT; };
		5AFE4000000000000000B006 /* RiskIndicator.swift */ = {isa = PBXFileReference; lastKnownFileType = sourcecode.swift; name = RiskIndicator.swift; path = "현장 안전 지킴이/Views/Components/RiskIndicator.swift"; sourceTree = SOURCE_ROOT; };
		5AFE4000000000000000B007 /* ReportEngine.swift */ = {isa = PBXFileReference; lastKnownFileType = sourcecode.swift; name = ReportEngine.swift; path = "현장 안전 지킴이/Views/Reports/ReportEngine.swift"; sourceTree = SOURCE_ROOT; };
		5AFE4000000000000000B008 /* ReportComponents.swift */ = {isa = PBXFileReference; lastKnownFileType = sourcecode.swift; name = ReportComponents.swift; path = "현장 안전 지킴이/Views/Reports/ReportComponents.swift"; sourceTree = SOURCE_ROOT; };
		5AFE4000000000000000B009 /* RiskAssessmentReport.swift */ = {isa = PBXFileReference; lastKnownFileType = sourcecode.swift; name = RiskAssessmentReport.swift; path = "현장 안전 지킴이/Views/Reports/RiskAssessmentReport.swift"; sourceTree = SOURCE_ROOT; };
		5AFE4000000000000000B010 /* JHAReport.swift */ = {isa = PBXFileReference; lastKnownFileType = sourcecode.swift; name = JHAReport.swift; path = "현장 안전 지킴이/Views/Reports/JHAReport.swift"; sourceTree = SOURCE_ROOT; };
		5AFE4000000000000000B011 /* InspectionReport.swift */ = {isa = PBXFileReference; lastKnownFileType = sourcecode.swift; name = InspectionReport.swift; path = "현장 안전 지킴이/Views/Reports/InspectionReport.swift"; sourceTree = SOURCE_ROOT; };
		9A05FC652FB742D2000C5D1A /* 현장 안전 지킴이.app */ = {isa = PBXFileReference; explicitFileType = wrapper.application; includeInIndex = 0; path = "현장 안전 지킴이.app"; sourceTree = BUILT_PRODUCTS_DIR; };
		9A05FC722FB742D4000C5D1A /* 현장 안전 지킴이Tests.xctest */ = {isa = PBXFileReference; explicitFileType = wrapper.cfbundle; includeInIndex = 0; path = "현장 안전 지킴이Tests.xctest"; sourceTree = BUILT_PRODUCTS_DIR; };
		9A05FC7C2FB742D4000C5D1A /* 현장 안전 지킴이UITests.xctest */ = {isa = PBXFileReference; explicitFileType = wrapper.cfbundle; includeInIndex = 0; path = "현장 안전 지킴이UITests.xctest"; sourceTree = BUILT_PRODUCTS_DIR; };
/* End PBXFileReference section */

/* Begin PBXFileSystemSynchronizedRootGroup section */
		5AFE4000000000000000A001 /* SafetyWalkMac */ = {
			isa = PBXFileSystemSynchronizedRootGroup;
			path = SafetyWalkMac;
			sourceTree = "<group>";
		};
		9A05FC672FB742D2000C5D1A /* 현장 안전 지킴이 */ = {
			isa = PBXFileSystemSynchronizedRootGroup;
			path = "현장 안전 지킴이";
			sourceTree = "<group>";
		};
		9A05FC752FB742D4000C5D1A /* 현장 안전 지킴이Tests */ = {
			isa = PBXFileSystemSynchronizedRootGroup;
			path = "현장 안전 지킴이Tests";
			sourceTree = "<group>";
		};
		9A05FC7F2FB742D4000C5D1A /* 현장 안전 지킴이UITests */ = {
			isa = PBXFileSystemSynchronizedRootGroup;
			path = "현장 안전 지킴이UITests";
			sourceTree = "<group>";
		};
/* End PBXFileSystemSynchronizedRootGroup section */

/* Begin PBXFrameworksBuildPhase section */
		5AFE4000000000000000A004 /* Frameworks */ = {
			isa = PBXFrameworksBuildPhase;
			buildActionMask = 2147483647;
			files = (
				5AFE4000000000000000A008 /* SafetyWalkCore in Frameworks */,
			);
			runOnlyForDeploymentPostprocessing = 0;
		};
		9A05FC622FB742D2000C5D1A /* Frameworks */ = {
			isa = PBXFrameworksBuildPhase;
			buildActionMask = 2147483647;
			files = (
				5AFE17C0000000000000A003 /* SafetyWalkCore in Frameworks */,
			);
			runOnlyForDeploymentPostprocessing = 0;
		};
		9A05FC6F2FB742D4000C5D1A /* Frameworks */ = {
			isa = PBXFrameworksBuildPhase;
			buildActionMask = 2147483647;
			files = (
			);
			runOnlyForDeploymentPostprocessing = 0;
		};
		9A05FC792FB742D4000C5D1A /* Frameworks */ = {
			isa = PBXFrameworksBuildPhase;
			buildActionMask = 2147483647;
			files = (
			);
			runOnlyForDeploymentPostprocessing = 0;
		};
/* End PBXFrameworksBuildPhase section */

/* Begin PBXGroup section */
		5AFE4000000000000000A00C /* Shared (macOS) */ = {
			isa = PBXGroup;
			children = (
				5AFE4000000000000000B001 /* LocalizationKey.swift */,
				5AFE4000000000000000B002 /* LocalizationManager.swift */,
				5AFE4000000000000000B003 /* RegionProfileStore.swift */,
				5AFE4000000000000000B004 /* Color+Risk.swift */,
				5AFE4000000000000000B005 /* RiskLevel+Display.swift */,
				5AFE4000000000000000B006 /* RiskIndicator.swift */,
				5AFE4000000000000000B007 /* ReportEngine.swift */,
				5AFE4000000000000000B008 /* ReportComponents.swift */,
				5AFE4000000000000000B009 /* RiskAssessmentReport.swift */,
				5AFE4000000000000000B010 /* JHAReport.swift */,
				5AFE4000000000000000B011 /* InspectionReport.swift */,
				5AFE4000000000000000A00D /* Localizable.strings */,
			);
			name = "Shared (macOS)";
			sourceTree = "<group>";
		};
		9A05FC5C2FB742D2000C5D1A = {
			isa = PBXGroup;
			children = (
				9A05FC672FB742D2000C5D1A /* 현장 안전 지킴이 */,
				9A05FC752FB742D4000C5D1A /* 현장 안전 지킴이Tests */,
				9A05FC7F2FB742D4000C5D1A /* 현장 안전 지킴이UITests */,
				5AFE4000000000000000A001 /* SafetyWalkMac */,
				5AFE4000000000000000A00C /* Shared (macOS) */,
				9A05FC662FB742D2000C5D1A /* Products */,
			);
			sourceTree = "<group>";
		};
		9A05FC662FB742D2000C5D1A /* Products */ = {
			isa = PBXGroup;
			children = (
				9A05FC652FB742D2000C5D1A /* 현장 안전 지킴이.app */,
				9A05FC722FB742D4000C5D1A /* 현장 안전 지킴이Tests.xctest */,
				9A05FC7C2FB742D4000C5D1A /* 현장 안전 지킴이UITests.xctest */,
				5AFE4000000000000000A002 /* SafetyWalkMac.app */,
			);
			name = Products;
			sourceTree = "<group>";
		};
/* End PBXGroup section */

/* Begin PBXNativeTarget section */
		5AFE4000000000000000A006 /* SafetyWalkMac */ = {
			isa = PBXNativeTarget;
			buildConfigurationList = 5AFE4000000000000000A00B /* Build configuration list for PBXNativeTarget "SafetyWalkMac" */;
			buildPhases = (
				5AFE4000000000000000A003 /* Sources */,
				5AFE4000000000000000A004 /* Frameworks */,
				5AFE4000000000000000A005 /* Resources */,
			);
			buildRules = (
			);
			dependencies = (
			);
			fileSystemSynchronizedGroups = (
				5AFE4000000000000000A001 /* SafetyWalkMac */,
			);
			name = SafetyWalkMac;
			packageProductDependencies = (
				5AFE4000000000000000A007 /* SafetyWalkCore */,
			);
			productName = SafetyWalkMac;
			productReference = 5AFE4000000000000000A002 /* SafetyWalkMac.app */;
			productType = "com.apple.product-type.application";
		};
		9A05FC642FB742D2000C5D1A /* 현장 안전 지킴이 */ = {
			isa = PBXNativeTarget;
			buildConfigurationList = 9A05FC862FB742D4000C5D1A /* Build configuration list for PBXNativeTarget "현장 안전 지킴이" */;
			buildPhases = (
				9A05FC612FB742D2000C5D1A /* Sources */,
				9A05FC622FB742D2000C5D1A /* Frameworks */,
				9A05FC632FB742D2000C5D1A /* Resources */,
			);
			buildRules = (
			);
			dependencies = (
			);
			fileSystemSynchronizedGroups = (
				9A05FC672FB742D2000C5D1A /* 현장 안전 지킴이 */,
			);
			name = "현장 안전 지킴이";
			packageProductDependencies = (
				5AFE17C0000000000000A002 /* SafetyWalkCore */,
			);
			productName = "현장 안전 지킴이";
			productReference = 9A05FC652FB742D2000C5D1A /* 현장 안전 지킴이.app */;
			productType = "com.apple.product-type.application";
		};
		9A05FC712FB742D4000C5D1A /* 현장 안전 지킴이Tests */ = {
			isa = PBXNativeTarget;
			buildConfigurationList = 9A05FC892FB742D4000C5D1A /* Build configuration list for PBXNativeTarget "현장 안전 지킴이Tests" */;
			buildPhases = (
				9A05FC6E2FB742D4000C5D1A /* Sources */,
				9A05FC6F2FB742D4000C5D1A /* Frameworks */,
				9A05FC702FB742D4000C5D1A /* Resources */,
			);
			buildRules = (
			);
			dependencies = (
				9A05FC742FB742D4000C5D1A /* PBXTargetDependency */,
			);
			fileSystemSynchronizedGroups = (
				9A05FC752FB742D4000C5D1A /* 현장 안전 지킴이Tests */,
			);
			name = "현장 안전 지킴이Tests";
			packageProductDependencies = (
			);
			productName = "현장 안전 지킴이Tests";
			productReference = 9A05FC722FB742D4000C5D1A /* 현장 안전 지킴이Tests.xctest */;
			productType = "com.apple.product-type.bundle.unit-test";
		};
		9A05FC7B2FB742D4000C5D1A /* 현장 안전 지킴이UITests */ = {
			isa = PBXNativeTarget;
			buildConfigurationList = 9A05FC8C2FB742D4000C5D1A /* Build configuration list for PBXNativeTarget "현장 안전 지킴이UITests" */;
			buildPhases = (
				9A05FC782FB742D4000C5D1A /* Sources */,
				9A05FC792FB742D4000C5D1A /* Frameworks */,
				9A05FC7A2FB742D4000C5D1A /* Resources */,
			);
			buildRules = (
			);
			dependencies = (
				9A05FC7E2FB742D4000C5D1A /* PBXTargetDependency */,
			);
			fileSystemSynchronizedGroups = (
				9A05FC7F2FB742D4000C5D1A /* 현장 안전 지킴이UITests */,
			);
			name = "현장 안전 지킴이UITests";
			packageProductDependencies = (
			);
			productName = "현장 안전 지킴이UITests";
			productReference = 9A05FC7C2FB742D4000C5D1A /* 현장 안전 지킴이UITests.xctest */;
			productType = "com.apple.product-type.bundle.ui-testing";
		};
/* End PBXNativeTarget section */

/* Begin PBXProject section */
		9A05FC5D2FB742D2000C5D1A /* Project object */ = {
			isa = PBXProject;
			attributes = {
				BuildIndependentTargetsInParallel = 1;
				LastSwiftUpdateCheck = 2640;
				LastUpgradeCheck = 2640;
				TargetAttributes = {
					5AFE4000000000000000A006 = {
						CreatedOnToolsVersion = 26.6;
					};
					9A05FC642FB742D2000C5D1A = {
						CreatedOnToolsVersion = 26.4.1;
					};
					9A05FC712FB742D4000C5D1A = {
						CreatedOnToolsVersion = 26.4.1;
						TestTargetID = 9A05FC642FB742D2000C5D1A;
					};
					9A05FC7B2FB742D4000C5D1A = {
						CreatedOnToolsVersion = 26.4.1;
						TestTargetID = 9A05FC642FB742D2000C5D1A;
					};
				};
			};
			buildConfigurationList = 9A05FC602FB742D2000C5D1A /* Build configuration list for PBXProject "현장 안전 지킴이" */;
			developmentRegion = en;
			hasScannedForEncodings = 0;
			knownRegions = (
				en,
				Base,
				ko,
			);
			mainGroup = 9A05FC5C2FB742D2000C5D1A;
			minimizedProjectReferenceProxies = 1;
			packageReferences = (
				5AFE17C0000000000000A001 /* XCLocalSwiftPackageReference "SafetyWalkCore" */,
			);
			preferredProjectObjectVersion = 77;
			productRefGroup = 9A05FC662FB742D2000C5D1A /* Products */;
			projectDirPath = "";
			projectRoot = "";
			targets = (
				9A05FC642FB742D2000C5D1A /* 현장 안전 지킴이 */,
				9A05FC712FB742D4000C5D1A /* 현장 안전 지킴이Tests */,
				9A05FC7B2FB742D4000C5D1A /* 현장 안전 지킴이UITests */,
				5AFE4000000000000000A006 /* SafetyWalkMac */,
			);
		};
/* End PBXProject section */

/* Begin PBXResourcesBuildPhase section */
		5AFE4000000000000000A005 /* Resources */ = {
			isa = PBXResourcesBuildPhase;
			buildActionMask = 2147483647;
			files = (
				5AFE4000000000000000A010 /* Localizable.strings in Resources */,
			);
			runOnlyForDeploymentPostprocessing = 0;
		};
		9A05FC632FB742D2000C5D1A /* Resources */ = {
			isa = PBXResourcesBuildPhase;
			buildActionMask = 2147483647;
			files = (
			);
			runOnlyForDeploymentPostprocessing = 0;
		};
		9A05FC702FB742D4000C5D1A /* Resources */ = {
			isa = PBXResourcesBuildPhase;
			buildActionMask = 2147483647;
			files = (
			);
			runOnlyForDeploymentPostprocessing = 0;
		};
		9A05FC7A2FB742D4000C5D1A /* Resources */ = {
			isa = PBXResourcesBuildPhase;
			buildActionMask = 2147483647;
			files = (
			);
			runOnlyForDeploymentPostprocessing = 0;
		};
/* End PBXResourcesBuildPhase section */

/* Begin PBXSourcesBuildPhase section */
		5AFE4000000000000000A003 /* Sources */ = {
			isa = PBXSourcesBuildPhase;
			buildActionMask = 2147483647;
			files = (
				5AFE4000000000000000C001 /* LocalizationKey.swift in Sources */,
				5AFE4000000000000000C002 /* LocalizationManager.swift in Sources */,
				5AFE4000000000000000C003 /* RegionProfileStore.swift in Sources */,
				5AFE4000000000000000C004 /* Color+Risk.swift in Sources */,
				5AFE4000000000000000C005 /* RiskLevel+Display.swift in Sources */,
				5AFE4000000000000000C006 /* RiskIndicator.swift in Sources */,
				5AFE4000000000000000C007 /* ReportEngine.swift in Sources */,
				5AFE4000000000000000C008 /* ReportComponents.swift in Sources */,
				5AFE4000000000000000C009 /* RiskAssessmentReport.swift in Sources */,
				5AFE4000000000000000C010 /* JHAReport.swift in Sources */,
				5AFE4000000000000000C011 /* InspectionReport.swift in Sources */,
			);
			runOnlyForDeploymentPostprocessing = 0;
		};
		9A05FC612FB742D2000C5D1A /* Sources */ = {
			isa = PBXSourcesBuildPhase;
			buildActionMask = 2147483647;
			files = (
			);
			runOnlyForDeploymentPostprocessing = 0;
		};
		9A05FC6E2FB742D4000C5D1A /* Sources */ = {
			isa = PBXSourcesBuildPhase;
			buildActionMask = 2147483647;
			files = (
			);
			runOnlyForDeploymentPostprocessing = 0;
		};
		9A05FC782FB742D4000C5D1A /* Sources */ = {
			isa = PBXSourcesBuildPhase;
			buildActionMask = 2147483647;
			files = (
			);
			runOnlyForDeploymentPostprocessing = 0;
		};
/* End PBXSourcesBuildPhase section */

/* Begin PBXTargetDependency section */
		9A05FC742FB742D4000C5D1A /* PBXTargetDependency */ = {
			isa = PBXTargetDependency;
			target = 9A05FC642FB742D2000C5D1A /* 현장 안전 지킴이 */;
			targetProxy = 9A05FC732FB742D4000C5D1A /* PBXContainerItemProxy */;
		};
		9A05FC7E2FB742D4000C5D1A /* PBXTargetDependency */ = {
			isa = PBXTargetDependency;
			target = 9A05FC642FB742D2000C5D1A /* 현장 안전 지킴이 */;
			targetProxy = 9A05FC7D2FB742D4000C5D1A /* PBXContainerItemProxy */;
		};
/* End PBXTargetDependency section */

/* Begin PBXVariantGroup section */
		5AFE4000000000000000A00D /* Localizable.strings */ = {
			isa = PBXVariantGroup;
			children = (
				5AFE4000000000000000A00E /* en */,
				5AFE4000000000000000A00F /* ko */,
			);
			name = Localizable.strings;
			sourceTree = "<group>";
		};
/* End PBXVariantGroup section */

/* Begin XCBuildConfiguration section */
		5AFE4000000000000000A009 /* Debug */ = {
			isa = XCBuildConfiguration;
			buildSettings = {
				ASSETCATALOG_COMPILER_GENERATE_SWIFT_ASSET_SYMBOL_EXTENSIONS = YES;
				CODE_SIGN_ENTITLEMENTS = SafetyWalkMac/SafetyWalkMac.entitlements;
				CODE_SIGN_IDENTITY = "Apple Development";
				"CODE_SIGN_IDENTITY[sdk=macosx*]" = "Apple Development";
				CODE_SIGN_STYLE = Automatic;
				COMBINE_HIDPI_IMAGES = YES;
				CURRENT_PROJECT_VERSION = 1;
				DEVELOPMENT_TEAM = PV6R85F5UM;
				ENABLE_HARDENED_RUNTIME = NO;
				ENABLE_PREVIEWS = YES;
				GENERATE_INFOPLIST_FILE = YES;
				INFOPLIST_KEY_LSApplicationCategoryType = "public.app-category.business";
				INFOPLIST_KEY_NSHumanReadableCopyright = "";
				INFOPLIST_KEY_UIBackgroundModes = "remote-notification";
				LD_RUNPATH_SEARCH_PATHS = (
					"$(inherited)",
					"@executable_path/../Frameworks",
				);
				MACOSX_DEPLOYMENT_TARGET = 14.0;
				MARKETING_VERSION = 1.0;
				PRODUCT_BUNDLE_IDENTIFIER = com.gwonbyeonghag.safetywalk.mac;
				PRODUCT_NAME = "$(TARGET_NAME)";
				PROVISIONING_PROFILE_SPECIFIER = "";
				SDKROOT = macosx;
				STRING_CATALOG_GENERATE_SYMBOLS = YES;
				SWIFT_ACTIVE_COMPILATION_CONDITIONS = "DEBUG $(inherited)";
				SWIFT_APPROACHABLE_CONCURRENCY = YES;
				SWIFT_DEFAULT_ACTOR_ISOLATION = MainActor;
				SWIFT_EMIT_LOC_STRINGS = YES;
				SWIFT_OPTIMIZATION_LEVEL = "-Onone";
				SWIFT_UPCOMING_FEATURE_MEMBER_IMPORT_VISIBILITY = YES;
				SWIFT_VERSION = 5.0;
			};
			name = Debug;
		};
		5AFE4000000000000000A00A /* Release */ = {
			isa = XCBuildConfiguration;
			buildSettings = {
				ASSETCATALOG_COMPILER_GENERATE_SWIFT_ASSET_SYMBOL_EXTENSIONS = YES;
				CODE_SIGN_ENTITLEMENTS = SafetyWalkMac/SafetyWalkMac.entitlements;
				CODE_SIGN_IDENTITY = "Apple Development";
				"CODE_SIGN_IDENTITY[sdk=macosx*]" = "Apple Development";
				CODE_SIGN_STYLE = Automatic;
				COMBINE_HIDPI_IMAGES = YES;
				CURRENT_PROJECT_VERSION = 1;
				DEVELOPMENT_TEAM = PV6R85F5UM;
				ENABLE_HARDENED_RUNTIME = NO;
				ENABLE_PREVIEWS = YES;
				GENERATE_INFOPLIST_FILE = YES;
				INFOPLIST_KEY_LSApplicationCategoryType = "public.app-category.business";
				INFOPLIST_KEY_NSHumanReadableCopyright = "";
				INFOPLIST_KEY_UIBackgroundModes = "remote-notification";
				LD_RUNPATH_SEARCH_PATHS = (
					"$(inherited)",
					"@executable_path/../Frameworks",
				);
				MACOSX_DEPLOYMENT_TARGET = 14.0;
				MARKETING_VERSION = 1.0;
				PRODUCT_BUNDLE_IDENTIFIER = com.gwonbyeonghag.safetywalk.mac;
				PRODUCT_NAME = "$(TARGET_NAME)";
				PROVISIONING_PROFILE_SPECIFIER = "";
				SDKROOT = macosx;
				STRING_CATALOG_GENERATE_SYMBOLS = YES;
				SWIFT_APPROACHABLE_CONCURRENCY = YES;
				SWIFT_COMPILATION_MODE = wholemodule;
				SWIFT_DEFAULT_ACTOR_ISOLATION = MainActor;
				SWIFT_EMIT_LOC_STRINGS = YES;
				SWIFT_UPCOMING_FEATURE_MEMBER_IMPORT_VISIBILITY = YES;
				SWIFT_VERSION = 5.0;
			};
			name = Release;
		};
		9A05FC842FB742D4000C5D1A /* Debug */ = {
			isa = XCBuildConfiguration;
			buildSettings = {
				ALWAYS_SEARCH_USER_PATHS = NO;
				ASSETCATALOG_COMPILER_GENERATE_SWIFT_ASSET_SYMBOL_EXTENSIONS = YES;
				CLANG_ANALYZER_NONNULL = YES;
				CLANG_ANALYZER_NUMBER_OBJECT_CONVERSION = YES_AGGRESSIVE;
				CLANG_CXX_LANGUAGE_STANDARD = "gnu++20";
				CLANG_ENABLE_MODULES = YES;
				CLANG_ENABLE_OBJC_ARC = YES;
				CLANG_ENABLE_OBJC_WEAK = YES;
				CLANG_WARN_BLOCK_CAPTURE_AUTORELEASING = YES;
				CLANG_WARN_BOOL_CONVERSION = YES;
				CLANG_WARN_COMMA = YES;
				CLANG_WARN_CONSTANT_CONVERSION = YES;
				CLANG_WARN_DEPRECATED_OBJC_IMPLEMENTATIONS = YES;
				CLANG_WARN_DIRECT_OBJC_ISA_USAGE = YES_ERROR;
				CLANG_WARN_DOCUMENTATION_COMMENTS = YES;
				CLANG_WARN_EMPTY_BODY = YES;
				CLANG_WARN_ENUM_CONVERSION = YES;
				CLANG_WARN_INFINITE_RECURSION = YES;
				CLANG_WARN_INT_CONVERSION = YES;
				CLANG_WARN_NON_LITERAL_NULL_CONVERSION = YES;
				CLANG_WARN_OBJC_IMPLICIT_RETAIN_SELF = YES;
				CLANG_WARN_OBJC_LITERAL_CONVERSION = YES;
				CLANG_WARN_OBJC_ROOT_CLASS = YES_ERROR;
				CLANG_WARN_QUOTED_INCLUDE_IN_FRAMEWORK_HEADER = YES;
				CLANG_WARN_RANGE_LOOP_ANALYSIS = YES;
				CLANG_WARN_STRICT_PROTOTYPES = YES;
				CLANG_WARN_SUSPICIOUS_MOVE = YES;
				CLANG_WARN_UNGUARDED_AVAILABILITY = YES_AGGRESSIVE;
				CLANG_WARN_UNREACHABLE_CODE = YES;
				CLANG_WARN__DUPLICATE_METHOD_MATCH = YES;
				COPY_PHASE_STRIP = NO;
				DEBUG_INFORMATION_FORMAT = dwarf;
				DEVELOPMENT_TEAM = PV6R85F5UM;
				ENABLE_STRICT_OBJC_MSGSEND = YES;
				ENABLE_TESTABILITY = YES;
				ENABLE_USER_SCRIPT_SANDBOXING = YES;
				GCC_C_LANGUAGE_STANDARD = gnu17;
				GCC_DYNAMIC_NO_PIC = NO;
				GCC_NO_COMMON_BLOCKS = YES;
				GCC_OPTIMIZATION_LEVEL = 0;
				GCC_PREPROCESSOR_DEFINITIONS = (
					"DEBUG=1",
					"$(inherited)",
				);
				GCC_WARN_64_TO_32_BIT_CONVERSION = YES;
				GCC_WARN_ABOUT_RETURN_TYPE = YES_ERROR;
				GCC_WARN_UNDECLARED_SELECTOR = YES;
				GCC_WARN_UNINITIALIZED_AUTOS = YES_AGGRESSIVE;
				GCC_WARN_UNUSED_FUNCTION = YES;
				GCC_WARN_UNUSED_VARIABLE = YES;
				IPHONEOS_DEPLOYMENT_TARGET = 17.0;
				LOCALIZATION_PREFERS_STRING_CATALOGS = YES;
				MTL_ENABLE_DEBUG_INFO = INCLUDE_SOURCE;
				MTL_FAST_MATH = YES;
				ONLY_ACTIVE_ARCH = YES;
				SDKROOT = iphoneos;
				SWIFT_ACTIVE_COMPILATION_CONDITIONS = "DEBUG $(inherited)";
				SWIFT_OPTIMIZATION_LEVEL = "-Onone";
			};
			name = Debug;
		};
		9A05FC852FB742D4000C5D1A /* Release */ = {
			isa = XCBuildConfiguration;
			buildSettings = {
				ALWAYS_SEARCH_USER_PATHS = NO;
				ASSETCATALOG_COMPILER_GENERATE_SWIFT_ASSET_SYMBOL_EXTENSIONS = YES;
				CLANG_ANALYZER_NONNULL = YES;
				CLANG_ANALYZER_NUMBER_OBJECT_CONVERSION = YES_AGGRESSIVE;
				CLANG_CXX_LANGUAGE_STANDARD = "gnu++20";
				CLANG_ENABLE_MODULES = YES;
				CLANG_ENABLE_OBJC_ARC = YES;
				CLANG_ENABLE_OBJC_WEAK = YES;
				CLANG_WARN_BLOCK_CAPTURE_AUTORELEASING = YES;
				CLANG_WARN_BOOL_CONVERSION = YES;
				CLANG_WARN_COMMA = YES;
				CLANG_WARN_CONSTANT_CONVERSION = YES;
				CLANG_WARN_DEPRECATED_OBJC_IMPLEMENTATIONS = YES;
				CLANG_WARN_DIRECT_OBJC_ISA_USAGE = YES_ERROR;
				CLANG_WARN_DOCUMENTATION_COMMENTS = YES;
				CLANG_WARN_EMPTY_BODY = YES;
				CLANG_WARN_ENUM_CONVERSION = YES;
				CLANG_WARN_INFINITE_RECURSION = YES;
				CLANG_WARN_INT_CONVERSION = YES;
				CLANG_WARN_NON_LITERAL_NULL_CONVERSION = YES;
				CLANG_WARN_OBJC_IMPLICIT_RETAIN_SELF = YES;
				CLANG_WARN_OBJC_LITERAL_CONVERSION = YES;
				CLANG_WARN_OBJC_ROOT_CLASS = YES_ERROR;
				CLANG_WARN_QUOTED_INCLUDE_IN_FRAMEWORK_HEADER = YES;
				CLANG_WARN_RANGE_LOOP_ANALYSIS = YES;
				CLANG_WARN_STRICT_PROTOTYPES = YES;
				CLANG_WARN_SUSPICIOUS_MOVE = YES;
				CLANG_WARN_UNGUARDED_AVAILABILITY = YES_AGGRESSIVE;
				CLANG_WARN_UNREACHABLE_CODE = YES;
				CLANG_WARN__DUPLICATE_METHOD_MATCH = YES;
				COPY_PHASE_STRIP = NO;
				DEBUG_INFORMATION_FORMAT = "dwarf-with-dsym";
				DEVELOPMENT_TEAM = PV6R85F5UM;
				ENABLE_NS_ASSERTIONS = NO;
				ENABLE_STRICT_OBJC_MSGSEND = YES;
				ENABLE_USER_SCRIPT_SANDBOXING = YES;
				GCC_C_LANGUAGE_STANDARD = gnu17;
				GCC_NO_COMMON_BLOCKS = YES;
				GCC_WARN_64_TO_32_BIT_CONVERSION = YES;
				GCC_WARN_ABOUT_RETURN_TYPE = YES_ERROR;
				GCC_WARN_UNDECLARED_SELECTOR = YES;
				GCC_WARN_UNINITIALIZED_AUTOS = YES_AGGRESSIVE;
				GCC_WARN_UNUSED_FUNCTION = YES;
				GCC_WARN_UNUSED_VARIABLE = YES;
				IPHONEOS_DEPLOYMENT_TARGET = 17.0;
				LOCALIZATION_PREFERS_STRING_CATALOGS = YES;
				MTL_ENABLE_DEBUG_INFO = NO;
				MTL_FAST_MATH = YES;
				SDKROOT = iphoneos;
				SWIFT_COMPILATION_MODE = wholemodule;
				VALIDATE_PRODUCT = YES;
			};
			name = Release;
		};
		9A05FC872FB742D4000C5D1A /* Debug */ = {
			isa = XCBuildConfiguration;
			buildSettings = {
				ASSETCATALOG_COMPILER_APPICON_NAME = AppIcon;
				ASSETCATALOG_COMPILER_GLOBAL_ACCENT_COLOR_NAME = AccentColor;
				CODE_SIGN_ENTITLEMENTS = SafetyWalk_iOS.entitlements;
				CODE_SIGN_STYLE = Automatic;
				CURRENT_PROJECT_VERSION = 1;
				DEVELOPMENT_TEAM = PV6R85F5UM;
				ENABLE_PREVIEWS = YES;
				GENERATE_INFOPLIST_FILE = YES;
				INFOPLIST_FILE = Info.plist;
				INFOPLIST_KEY_CFBundleDisplayName = SafetyWalk;
				INFOPLIST_KEY_NSPhotoLibraryUsageDescription = "점검 기록에 증빙사진을 첨부하기 위해 사진 보관함에 접근합니다.";
				INFOPLIST_KEY_UIApplicationSceneManifest_Generation = YES;
				INFOPLIST_KEY_UIApplicationSupportsIndirectInputEvents = YES;
				INFOPLIST_KEY_UIBackgroundModes = "remote-notification";
				INFOPLIST_KEY_UILaunchScreen_Generation = NO;
				INFOPLIST_KEY_UISupportedInterfaceOrientations_iPad = "UIInterfaceOrientationPortrait UIInterfaceOrientationPortraitUpsideDown UIInterfaceOrientationLandscapeLeft UIInterfaceOrientationLandscapeRight";
				INFOPLIST_KEY_UISupportedInterfaceOrientations_iPhone = "UIInterfaceOrientationPortrait UIInterfaceOrientationLandscapeLeft UIInterfaceOrientationLandscapeRight";
				LD_RUNPATH_SEARCH_PATHS = (
					"$(inherited)",
					"@executable_path/Frameworks",
				);
				MARKETING_VERSION = 1.0;
				PRODUCT_BUNDLE_IDENTIFIER = com.gwonbyeonghag.safetywalk;
				PRODUCT_NAME = "$(TARGET_NAME)";
				STRING_CATALOG_GENERATE_SYMBOLS = YES;
				SWIFT_APPROACHABLE_CONCURRENCY = YES;
				SWIFT_DEFAULT_ACTOR_ISOLATION = MainActor;
				SWIFT_EMIT_LOC_STRINGS = YES;
				SWIFT_UPCOMING_FEATURE_MEMBER_IMPORT_VISIBILITY = YES;
				SWIFT_VERSION = 5.0;
				TARGETED_DEVICE_FAMILY = "1,2";
			};
			name = Debug;
		};
		9A05FC882FB742D4000C5D1A /* Release */ = {
			isa = XCBuildConfiguration;
			buildSettings = {
				ASSETCATALOG_COMPILER_APPICON_NAME = AppIcon;
				ASSETCATALOG_COMPILER_GLOBAL_ACCENT_COLOR_NAME = AccentColor;
				CODE_SIGN_ENTITLEMENTS = SafetyWalk_iOS.entitlements;
				CODE_SIGN_STYLE = Automatic;
				CURRENT_PROJECT_VERSION = 1;
				DEVELOPMENT_TEAM = PV6R85F5UM;
				ENABLE_PREVIEWS = YES;
				GENERATE_INFOPLIST_FILE = YES;
				INFOPLIST_FILE = Info.plist;
				INFOPLIST_KEY_CFBundleDisplayName = SafetyWalk;
				INFOPLIST_KEY_NSPhotoLibraryUsageDescription = "점검 기록에 증빙사진을 첨부하기 위해 사진 보관함에 접근합니다.";
				INFOPLIST_KEY_UIApplicationSceneManifest_Generation = YES;
				INFOPLIST_KEY_UIApplicationSupportsIndirectInputEvents = YES;
				INFOPLIST_KEY_UIBackgroundModes = "remote-notification";
				INFOPLIST_KEY_UILaunchScreen_Generation = NO;
				INFOPLIST_KEY_UISupportedInterfaceOrientations_iPad = "UIInterfaceOrientationPortrait UIInterfaceOrientationPortraitUpsideDown UIInterfaceOrientationLandscapeLeft UIInterfaceOrientationLandscapeRight";
				INFOPLIST_KEY_UISupportedInterfaceOrientations_iPhone = "UIInterfaceOrientationPortrait UIInterfaceOrientationLandscapeLeft UIInterfaceOrientationLandscapeRight";
				LD_RUNPATH_SEARCH_PATHS = (
					"$(inherited)",
					"@executable_path/Frameworks",
				);
				MARKETING_VERSION = 1.0;
				PRODUCT_BUNDLE_IDENTIFIER = com.gwonbyeonghag.safetywalk;
				PRODUCT_NAME = "$(TARGET_NAME)";
				STRING_CATALOG_GENERATE_SYMBOLS = YES;
				SWIFT_APPROACHABLE_CONCURRENCY = YES;
				SWIFT_DEFAULT_ACTOR_ISOLATION = MainActor;
				SWIFT_EMIT_LOC_STRINGS = YES;
				SWIFT_UPCOMING_FEATURE_MEMBER_IMPORT_VISIBILITY = YES;
				SWIFT_VERSION = 5.0;
				TARGETED_DEVICE_FAMILY = "1,2";
			};
			name = Release;
		};
		9A05FC8A2FB742D4000C5D1A /* Debug */ = {
			isa = XCBuildConfiguration;
			buildSettings = {
				BUNDLE_LOADER = "$(TEST_HOST)";
				CODE_SIGN_STYLE = Automatic;
				CURRENT_PROJECT_VERSION = 1;
				DEVELOPMENT_TEAM = PV6R85F5UM;
				GENERATE_INFOPLIST_FILE = YES;
				IPHONEOS_DEPLOYMENT_TARGET = 17.0;
				MARKETING_VERSION = 1.0;
				PRODUCT_BUNDLE_IDENTIFIER = com.gwonbyeonghag.safetywalk.Tests;
				PRODUCT_NAME = "$(TARGET_NAME)";
				STRING_CATALOG_GENERATE_SYMBOLS = NO;
				SWIFT_APPROACHABLE_CONCURRENCY = YES;
				SWIFT_EMIT_LOC_STRINGS = NO;
				SWIFT_UPCOMING_FEATURE_MEMBER_IMPORT_VISIBILITY = YES;
				SWIFT_VERSION = 5.0;
				TARGETED_DEVICE_FAMILY = "1,2";
				TEST_HOST = "$(BUILT_PRODUCTS_DIR)/현장 안전 지킴이.app/$(BUNDLE_EXECUTABLE_FOLDER_PATH)/현장 안전 지킴이";
			};
			name = Debug;
		};
		9A05FC8B2FB742D4000C5D1A /* Release */ = {
			isa = XCBuildConfiguration;
			buildSettings = {
				BUNDLE_LOADER = "$(TEST_HOST)";
				CODE_SIGN_STYLE = Automatic;
				CURRENT_PROJECT_VERSION = 1;
				DEVELOPMENT_TEAM = PV6R85F5UM;
				GENERATE_INFOPLIST_FILE = YES;
				IPHONEOS_DEPLOYMENT_TARGET = 17.0;
				MARKETING_VERSION = 1.0;
				PRODUCT_BUNDLE_IDENTIFIER = com.gwonbyeonghag.safetywalk.Tests;
				PRODUCT_NAME = "$(TARGET_NAME)";
				STRING_CATALOG_GENERATE_SYMBOLS = NO;
				SWIFT_APPROACHABLE_CONCURRENCY = YES;
				SWIFT_EMIT_LOC_STRINGS = NO;
				SWIFT_UPCOMING_FEATURE_MEMBER_IMPORT_VISIBILITY = YES;
				SWIFT_VERSION = 5.0;
				TARGETED_DEVICE_FAMILY = "1,2";
				TEST_HOST = "$(BUILT_PRODUCTS_DIR)/현장 안전 지킴이.app/$(BUNDLE_EXECUTABLE_FOLDER_PATH)/현장 안전 지킴이";
			};
			name = Release;
		};
		9A05FC8D2FB742D4000C5D1A /* Debug */ = {
			isa = XCBuildConfiguration;
			buildSettings = {
				CODE_SIGN_STYLE = Automatic;
				CURRENT_PROJECT_VERSION = 1;
				DEVELOPMENT_TEAM = PV6R85F5UM;
				GENERATE_INFOPLIST_FILE = YES;
				MARKETING_VERSION = 1.0;
				PRODUCT_BUNDLE_IDENTIFIER = com.gwonbyeonghag.safetywalk.UITests;
				PRODUCT_NAME = "$(TARGET_NAME)";
				STRING_CATALOG_GENERATE_SYMBOLS = NO;
				SWIFT_APPROACHABLE_CONCURRENCY = YES;
				SWIFT_EMIT_LOC_STRINGS = NO;
				SWIFT_UPCOMING_FEATURE_MEMBER_IMPORT_VISIBILITY = YES;
				SWIFT_VERSION = 5.0;
				TARGETED_DEVICE_FAMILY = "1,2";
				TEST_TARGET_NAME = "현장 안전 지킴이";
			};
			name = Debug;
		};
		9A05FC8E2FB742D4000C5D1A /* Release */ = {
			isa = XCBuildConfiguration;
			buildSettings = {
				CODE_SIGN_STYLE = Automatic;
				CURRENT_PROJECT_VERSION = 1;
				DEVELOPMENT_TEAM = PV6R85F5UM;
				GENERATE_INFOPLIST_FILE = YES;
				MARKETING_VERSION = 1.0;
				PRODUCT_BUNDLE_IDENTIFIER = com.gwonbyeonghag.safetywalk.UITests;
				PRODUCT_NAME = "$(TARGET_NAME)";
				STRING_CATALOG_GENERATE_SYMBOLS = NO;
				SWIFT_APPROACHABLE_CONCURRENCY = YES;
				SWIFT_EMIT_LOC_STRINGS = NO;
				SWIFT_UPCOMING_FEATURE_MEMBER_IMPORT_VISIBILITY = YES;
				SWIFT_VERSION = 5.0;
				TARGETED_DEVICE_FAMILY = "1,2";
				TEST_TARGET_NAME = "현장 안전 지킴이";
			};
			name = Release;
		};
/* End XCBuildConfiguration section */

/* Begin XCConfigurationList section */
		5AFE4000000000000000A00B /* Build configuration list for PBXNativeTarget "SafetyWalkMac" */ = {
			isa = XCConfigurationList;
			buildConfigurations = (
				5AFE4000000000000000A009 /* Debug */,
				5AFE4000000000000000A00A /* Release */,
			);
			defaultConfigurationIsVisible = 0;
			defaultConfigurationName = Release;
		};
		9A05FC602FB742D2000C5D1A /* Build configuration list for PBXProject "현장 안전 지킴이" */ = {
			isa = XCConfigurationList;
			buildConfigurations = (
				9A05FC842FB742D4000C5D1A /* Debug */,
				9A05FC852FB742D4000C5D1A /* Release */,
			);
			defaultConfigurationIsVisible = 0;
			defaultConfigurationName = Release;
		};
		9A05FC862FB742D4000C5D1A /* Build configuration list for PBXNativeTarget "현장 안전 지킴이" */ = {
			isa = XCConfigurationList;
			buildConfigurations = (
				9A05FC872FB742D4000C5D1A /* Debug */,
				9A05FC882FB742D4000C5D1A /* Release */,
			);
			defaultConfigurationIsVisible = 0;
			defaultConfigurationName = Release;
		};
		9A05FC892FB742D4000C5D1A /* Build configuration list for PBXNativeTarget "현장 안전 지킴이Tests" */ = {
			isa = XCConfigurationList;
			buildConfigurations = (
				9A05FC8A2FB742D4000C5D1A /* Debug */,
				9A05FC8B2FB742D4000C5D1A /* Release */,
			);
			defaultConfigurationIsVisible = 0;
			defaultConfigurationName = Release;
		};
		9A05FC8C2FB742D4000C5D1A /* Build configuration list for PBXNativeTarget "현장 안전 지킴이UITests" */ = {
			isa = XCConfigurationList;
			buildConfigurations = (
				9A05FC8D2FB742D4000C5D1A /* Debug */,
				9A05FC8E2FB742D4000C5D1A /* Release */,
			);
			defaultConfigurationIsVisible = 0;
			defaultConfigurationName = Release;
		};
/* End XCConfigurationList section */

/* Begin XCLocalSwiftPackageReference section */
		5AFE17C0000000000000A001 /* XCLocalSwiftPackageReference "SafetyWalkCore" */ = {
			isa = XCLocalSwiftPackageReference;
			relativePath = SafetyWalkCore;
		};
/* End XCLocalSwiftPackageReference section */

/* Begin XCSwiftPackageProductDependency section */
		5AFE17C0000000000000A002 /* SafetyWalkCore */ = {
			isa = XCSwiftPackageProductDependency;
			productName = SafetyWalkCore;
		};
		5AFE4000000000000000A007 /* SafetyWalkCore */ = {
			isa = XCSwiftPackageProductDependency;
			productName = SafetyWalkCore;
		};
/* End XCSwiftPackageProductDependency section */
	};
	rootObject = 9A05FC5D2FB742D2000C5D1A /* Project object */;
}
